
Microsoft Visual Studio Solution File, Format Version 12.00
# Visual Studio Version 16
VisualStudioVersion = 16.0.29215.179
MinimumVisualStudioVersion = 10.0.40219.1
Project("{FAE04EC0-301F-11D3-BF4B-00C04F79EFBC}") = "CustomMiddlewarePractice", "CustomMiddlewarePractice\CustomMiddlewarePractice.csproj", "{39327C08-4E00-40B5-8C0C-1C7F32E5A511}"
EndProject
Global
	GlobalSection(SolutionConfigurationPlatforms) = preSolution
		Debug|Any CPU = Debug|Any CPU
		Release|Any CPU = Release|Any CPU
	EndGlobalSection
	GlobalSection(ProjectConfigurationPlatforms) = postSolution
		{39327C08-4E00-40B5-8C0C-1C7F32E5A511}.Debug|Any CPU.ActiveCfg = Debug|Any CPU
		{39327C08-4E00-40B5-8C0C-1C7F32E5A511}.Debug|Any CPU.Build.0 = Debug|Any CPU
		{39327C08-4E00-40B5-8C0C-1C7F32E5A511}.Release|Any CPU.ActiveCfg = Release|Any CPU
		{39327C08-4E00-40B5-8C0C-1C7F32E5A511}.Release|Any CPU.Build.0 = Release|Any CPU
	EndGlobalSection
	GlobalSection(SolutionProperties) = preSolution
		HideSolutionNode = FALSE
	EndGlobalSection
	GlobalSection(ExtensibilityGlobals) = postSolution
		SolutionGuid = {2FDB00A5-2DA5-431F-BF83-B4F83E26086E}
	EndGlobalSection
EndGlobal
